// !$*UTF8*$!
{
	archiveVersion = 1;
	classes = {
	};
	objectVersion = 51;
	objects = {

/* Begin PBXBuildFile section */
		A78E15E42DBE328C673CD911 /* Pods_github_issues.framework in Frameworks */ = {isa = PBXBuildFile; fileRef = 56A70A0C213B071152710953 /* Pods_github_issues.framework */; };
		BF360498258AAF9B009731F4 /* AppDelegate.swift in Sources */ = {isa = PBXBuildFile; fileRef = BF360497258AAF9B009731F4 /* AppDelegate.swift */; };
		BF36049A258AAF9B009731F4 /* SceneDelegate.swift in Sources */ = {isa = PBXBuildFile; fileRef = BF360499258AAF9B009731F4 /* SceneDelegate.swift */; };
		BF3604A1258AAFA0009731F4 /* Assets.xcassets in Resources */ = {isa = PBXBuildFile; fileRef = BF3604A0258AAFA0009731F4 /* Assets.xcassets */; };
		BF3604A4258AAFA0009731F4 /* LaunchScreen.storyboard in Resources */ = {isa = PBXBuildFile; fileRef = BF3604A2258AAFA0009731F4 /* LaunchScreen.storyboard */; };
		BF3604AF258AAFA0009731F4 /* github_issuesTests.swift in Sources */ = {isa = PBXBuildFile; fileRef = BF3604AE258AAFA0009731F4 /* github_issuesTests.swift */; };
		BF3604BA258AAFA0009731F4 /* github_issuesUITests.swift in Sources */ = {isa = PBXBuildFile; fileRef = BF3604B9258AAFA0009731F4 /* github_issuesUITests.swift */; };
		BFDA6E18258E7F0100B3574D /* ListIssuesTableViewController.swift in Sources */ = {isa = PBXBuildFile; fileRef = BFDA6E17258E7F0100B3574D /* ListIssuesTableViewController.swift */; };
		BFDA6E1A258E7F0D00B3574D /* ListIssuesTableViewController.storyboard in Resources */ = {isa = PBXBuildFile; fileRef = BFDA6E19258E7F0D00B3574D /* ListIssuesTableViewController.storyboard */; };
		F1B9291B431A1987153353F9 /* Pods_github_issues_github_issuesUITests.framework in Frameworks */ = {isa = PBXBuildFile; fileRef = 08494FE1E89819B78D4D1A17 /* Pods_github_issues_github_issuesUITests.framework */; };
		F9A4C1FFFF0CB4ADD57D64A1 /* Pods_github_issuesTests.framework in Frameworks */ = {isa = PBXBuildFile; fileRef = B81A683430332EACB66D819F /* Pods_github_issuesTests.framework */; };
/* End PBXBuildFile section */

/* Begin PBXContainerItemProxy section */
		BF3604AB258AAFA0009731F4 /* PBXContainerItemProxy */ = {
			isa = PBXContainerItemProxy;
			containerPortal = BF36048C258AAF9B009731F4 /* Project object */;
			proxyType = 1;
			remoteGlobalIDString = BF360493258AAF9B009731F4;
			remoteInfo = "github-issues";
		};
		BF3604B6258AAFA0009731F4 /* PBXContainerItemProxy */ = {
			isa = PBXContainerItemProxy;
			containerPortal = BF36048C258AAF9B009731F4 /* Project object */;
			proxyType = 1;
			remoteGlobalIDString = BF360493258AAF9B009731F4;
			remoteInfo = "github-issues";
		};
/* End PBXContainerItemProxy section */

/* Begin PBXFileReference section */
		08494FE1E89819B78D4D1A17 /* Pods_github_issues_github_issuesUITests.framework */ = {isa = PBXFileReference; explicitFileType = wrapper.framework; includeInIndex = 0; path = Pods_github_issues_github_issuesUITests.framework; sourceTree = BUILT_PRODUCTS_DIR; };
		10A3199FBECAC9B37B82B2AE /* Pods-github-issues-github-issuesUITests.release.xcconfig */ = {isa = PBXFileReference; includeInIndex = 1; lastKnownFileType = text.xcconfig; name = "Pods-github-issues-github-issuesUITests.release.xcconfig"; path = "Target Support Files/Pods-github-issues-github-issuesUITests/Pods-github-issues-github-issuesUITests.release.xcconfig"; sourceTree = "<group>"; };
		1F520651333357FB383D206D /* Pods-github-issues.release.xcconfig */ = {isa = PBXFileReference; includeInIndex = 1; lastKnownFileType = text.xcconfig; name = "Pods-github-issues.release.xcconfig"; path = "Target Support Files/Pods-github-issues/Pods-github-issues.release.xcconfig"; sourceTree = "<group>"; };
		30E21C37E1F920CF27A1D8D0 /* Pods-github-issues-github-issuesUITests.debug.xcconfig */ = {isa = PBXFileReference; includeInIndex = 1; lastKnownFileType = text.xcconfig; name = "Pods-github-issues-github-issuesUITests.debug.xcconfig"; path = "Target Support Files/Pods-github-issues-github-issuesUITests/Pods-github-issues-github-issuesUITests.debug.xcconfig"; sourceTree = "<group>"; };
		4901C903828E5F4B366E454A /* Pods-github-issuesTests.debug.xcconfig */ = {isa = PBXFileReference; includeInIndex = 1; lastKnownFileType = text.xcconfig; name = "Pods-github-issuesTests.debug.xcconfig"; path = "Target Support Files/Pods-github-issuesTests/Pods-github-issuesTests.debug.xcconfig"; sourceTree = "<group>"; };
		56A70A0C213B071152710953 /* Pods_github_issues.framework */ = {isa = PBXFileReference; explicitFileType = wrapper.framework; includeInIndex = 0; path = Pods_github_issues.framework; sourceTree = BUILT_PRODUCTS_DIR; };
		69B2620B8A4E212423247782 /* Pods-github-issuesTests.release.xcconfig */ = {isa = PBXFileReference; includeInIndex = 1; lastKnownFileType = text.xcconfig; name = "Pods-github-issuesTests.release.xcconfig"; path = "Target Support Files/Pods-github-issuesTests/Pods-github-issuesTests.release.xcconfig"; sourceTree = "<group>"; };
		B81A683430332EACB66D819F /* Pods_github_issuesTests.framework */ = {isa = PBXFileReference; explicitFileType = wrapper.framework; includeInIndex = 0; path = Pods_github_issuesTests.framework; sourceTree = BUILT_PRODUCTS_DIR; };
		BF360494258AAF9B009731F4 /* github-issues.app */ = {isa = PBXFileReference; explicitFileType = wrapper.application; includeInIndex = 0; path = "github-issues.app"; sourceTree = BUILT_PRODUCTS_DIR; };
		BF360497258AAF9B009731F4 /* AppDelegate.swift */ = {isa = PBXFileReference; lastKnownFileType = sourcecode.swift; path = AppDelegate.swift; sourceTree = "<group>"; };
		BF360499258AAF9B009731F4 /* SceneDelegate.swift */ = {isa = PBXFileReference; lastKnownFileType = sourcecode.swift; path = SceneDelegate.swift; sourceTree = "<group>"; };
		BF3604A0258AAFA0009731F4 /* Assets.xcassets */ = {isa = PBXFileReference; lastKnownFileType = folder.assetcatalog; path = Assets.xcassets; sourceTree = "<group>"; };
		BF3604A3258AAFA0009731F4 /* Base */ = {isa = PBXFileReference; lastKnownFileType = file.storyboard; name = Base; path = Base.lproj/LaunchScreen.storyboard; sourceTree = "<group>"; };
		BF3604A5258AAFA0009731F4 /* Info.plist */ = {isa = PBXFileReference; lastKnownFileType = text.plist.xml; path = Info.plist; sourceTree = "<group>"; };
		BF3604AA258AAFA0009731F4 /* github-issuesTests.xctest */ = {isa = PBXFileReference; explicitFileType = wrapper.cfbundle; includeInIndex = 0; path = "github-issuesTests.xctest"; sourceTree = BUILT_PRODUCTS_DIR; };
		BF3604AE258AAFA0009731F4 /* github_issuesTests.swift */ = {isa = PBXFileReference; lastKnownFileType = sourcecode.swift; path = github_issuesTests.swift; sourceTree = "<group>"; };
		BF3604B0258AAFA0009731F4 /* Info.plist */ = {isa = PBXFileReference; lastKnownFileType = text.plist.xml; path = Info.plist; sourceTree = "<group>"; };
		BF3604B5258AAFA0009731F4 /* github-issuesUITests.xctest */ = {isa = PBXFileReference; explicitFileType = wrapper.cfbundle; includeInIndex = 0; path = "github-issuesUITests.xctest"; sourceTree = BUILT_PRODUCTS_DIR; };
		BF3604B9258AAFA0009731F4 /* github_issuesUITests.swift */ = {isa = PBXFileReference; lastKnownFileType = sourcecode.swift; path = github_issuesUITests.swift; sourceTree = "<group>"; };
		BF3604BB258AAFA0009731F4 /* Info.plist */ = {isa = PBXFileReference; lastKnownFileType = text.plist.xml; path = Info.plist; sourceTree = "<group>"; };
		BFDA6E17258E7F0100B3574D /* ListIssuesTableViewController.swift */ = {isa = PBXFileReference; lastKnownFileType = sourcecode.swift; path = ListIssuesTableViewController.swift; sourceTree = "<group>"; };
		BFDA6E19258E7F0D00B3574D /* ListIssuesTableViewController.storyboard */ = {isa = PBXFileReference; lastKnownFileType = file.storyboard; path = ListIssuesTableViewController.storyboard; sourceTree = "<group>"; };
		CC431FAF33E5A0E605D84883 /* Pods-github-issues.debug.xcconfig */ = {isa = PBXFileReference; includeInIndex = 1; lastKnownFileType = text.xcconfig; name = "Pods-github-issues.debug.xcconfig"; path = "Target Support Files/Pods-github-issues/Pods-github-issues.debug.xcconfig"; sourceTree = "<group>"; };
/* End PBXFileReference section */

/* Begin PBXFrameworksBuildPhase section */
		BF360491258AAF9B009731F4 /* Frameworks */ = {
			isa = PBXFrameworksBuildPhase;
			buildActionMask = 2147483647;
			files = (
				A78E15E42DBE328C673CD911 /* Pods_github_issues.framework in Frameworks */,
			);
			runOnlyForDeploymentPostprocessing = 0;
		};
		BF3604A7258AAFA0009731F4 /* Frameworks */ = {
			isa = PBXFrameworksBuildPhase;
			buildActionMask = 2147483647;
			files = (
				F9A4C1FFFF0CB4ADD57D64A1 /* Pods_github_issuesTests.framework in Frameworks */,
			);
			runOnlyForDeploymentPostprocessing = 0;
		};
		BF3604B2258AAFA0009731F4 /* Frameworks */ = {
			isa = PBXFrameworksBuildPhase;
			buildActionMask = 2147483647;
			files = (
				F1B9291B431A1987153353F9 /* Pods_github_issues_github_issuesUITests.framework in Frameworks */,
			);
			runOnlyForDeploymentPostprocessing = 0;
		};
/* End PBXFrameworksBuildPhase section */

/* Begin PBXGroup section */
		311CD61CA3D80ED5466E844F /* Frameworks */ = {
			isa = PBXGroup;
			children = (
				56A70A0C213B071152710953 /* Pods_github_issues.framework */,
				08494FE1E89819B78D4D1A17 /* Pods_github_issues_github_issuesUITests.framework */,
				B81A683430332EACB66D819F /* Pods_github_issuesTests.framework */,
			);
			name = Frameworks;
			sourceTree = "<group>";
		};
		BF36048B258AAF9B009731F4 = {
			isa = PBXGroup;
			children = (
				BF360496258AAF9B009731F4 /* github-issues */,
				BF3604AD258AAFA0009731F4 /* github-issuesTests */,
				BF3604B8258AAFA0009731F4 /* github-issuesUITests */,
				BF360495258AAF9B009731F4 /* Products */,
				EC2027B0F30DE20B576C26D3 /* Pods */,
				311CD61CA3D80ED5466E844F /* Frameworks */,
			);
			sourceTree = "<group>";
		};
		BF360495258AAF9B009731F4 /* Products */ = {
			isa = PBXGroup;
			children = (
				BF360494258AAF9B009731F4 /* github-issues.app */,
				BF3604AA258AAFA0009731F4 /* github-issuesTests.xctest */,
				BF3604B5258AAFA0009731F4 /* github-issuesUITests.xctest */,
			);
			name = Products;
			sourceTree = "<group>";
		};
		BF360496258AAF9B009731F4 /* github-issues */ = {
			isa = PBXGroup;
			children = (
				BFDA6E15258E7ECD00B3574D /* modules */,
				BF360497258AAF9B009731F4 /* AppDelegate.swift */,
				BF360499258AAF9B009731F4 /* SceneDelegate.swift */,
				BF3604A0258AAFA0009731F4 /* Assets.xcassets */,
				BF3604A2258AAFA0009731F4 /* LaunchScreen.storyboard */,
				BF3604A5258AAFA0009731F4 /* Info.plist */,
			);
			path = "github-issues";
			sourceTree = "<group>";
		};
		BF3604AD258AAFA0009731F4 /* github-issuesTests */ = {
			isa = PBXGroup;
			children = (
				BF3604AE258AAFA0009731F4 /* github_issuesTests.swift */,
				BF3604B0258AAFA0009731F4 /* Info.plist */,
			);
			path = "github-issuesTests";
			sourceTree = "<group>";
		};
		BF3604B8258AAFA0009731F4 /* github-issuesUITests */ = {
			isa = PBXGroup;
			children = (
				BF3604B9258AAFA0009731F4 /* github_issuesUITests.swift */,
				BF3604BB258AAFA0009731F4 /* Info.plist */,
			);
			path = "github-issuesUITests";
			sourceTree = "<group>";
		};
		BFDA6E15258E7ECD00B3574D /* modules */ = {
			isa = PBXGroup;
			children = (
				BFDA6E16258E7ED700B3574D /* list-issues */,
			);
			path = modules;
			sourceTree = "<group>";
		};
		BFDA6E16258E7ED700B3574D /* list-issues */ = {
			isa = PBXGroup;
			children = (
				BFDA6E17258E7F0100B3574D /* ListIssuesTableViewController.swift */,
				BFDA6E19258E7F0D00B3574D /* ListIssuesTableViewController.storyboard */,
			);
			path = "list-issues";
			sourceTree = "<group>";
		};
		EC2027B0F30DE20B576C26D3 /* Pods */ = {
			isa = PBXGroup;
			children = (
				CC431FAF33E5A0E605D84883 /* Pods-github-issues.debug.xcconfig */,
				1F520651333357FB383D206D /* Pods-github-issues.release.xcconfig */,
				30E21C37E1F920CF27A1D8D0 /* Pods-github-issues-github-issuesUITests.debug.xcconfig */,
				10A3199FBECAC9B37B82B2AE /* Pods-github-issues-github-issuesUITests.release.xcconfig */,
				4901C903828E5F4B366E454A /* Pods-github-issuesTests.debug.xcconfig */,
				69B2620B8A4E212423247782 /* Pods-github-issuesTests.release.xcconfig */,
			);
			path = Pods;
			sourceTree = "<group>";
		};
/* End PBXGroup section */

/* Begin PBXNativeTarget section */
		BF360493258AAF9B009731F4 /* github-issues */ = {
			isa = PBXNativeTarget;
			buildConfigurationList = BF3604BE258AAFA0009731F4 /* Build configuration list for PBXNativeTarget "github-issues" */;
			buildPhases = (
				A0005D8F9AACB97CFE1A3DE5 /* [CP] Check Pods Manifest.lock */,
				BF360490258AAF9B009731F4 /* Sources */,
				BF360491258AAF9B009731F4 /* Frameworks */,
				BF360492258AAF9B009731F4 /* Resources */,
				730FD0C8EF4C2DA09E07B1D0 /* [CP] Embed Pods Frameworks */,
			);
			buildRules = (
			);
			dependencies = (
			);
			name = "github-issues";
			productName = "github-issues";
			productReference = BF360494258AAF9B009731F4 /* github-issues.app */;
			productType = "com.apple.product-type.application";
		};
		BF3604A9258AAFA0009731F4 /* github-issuesTests */ = {
			isa = PBXNativeTarget;
			buildConfigurationList = BF3604C1258AAFA0009731F4 /* Build configuration list for PBXNativeTarget "github-issuesTests" */;
			buildPhases = (
				E0BB97041B1E085AFD909116 /* [CP] Check Pods Manifest.lock */,
				BF3604A6258AAFA0009731F4 /* Sources */,
				BF3604A7258AAFA0009731F4 /* Frameworks */,
				BF3604A8258AAFA0009731F4 /* Resources */,
				A02F7DAF7756CB78E5BC21F3 /* [CP] Embed Pods Frameworks */,
			);
			buildRules = (
			);
			dependencies = (
				BF3604AC258AAFA0009731F4 /* PBXTargetDependency */,
			);
			name = "github-issuesTests";
			productName = "github-issuesTests";
			productReference = BF3604AA258AAFA0009731F4 /* github-issuesTests.xctest */;
			productType = "com.apple.product-type.bundle.unit-test";
		};
		BF3604B4258AAFA0009731F4 /* github-issuesUITests */ = {
			isa = PBXNativeTarget;
			buildConfigurationList = BF3604C4258AAFA0009731F4 /* Build configuration list for PBXNativeTarget "github-issuesUITests" */;
			buildPhases = (
				96C904CBD943F1EB3E32CC05 /* [CP] Check Pods Manifest.lock */,
				BF3604B1258AAFA0009731F4 /* Sources */,
				BF3604B2258AAFA0009731F4 /* Frameworks */,
				BF3604B3258AAFA0009731F4 /* Resources */,
				0BB052CAEECF2E22563F65BC /* [CP] Embed Pods Frameworks */,
			);
			buildRules = (
			);
			dependencies = (
				BF3604B7258AAFA0009731F4 /* PBXTargetDependency */,
			);
			name = "github-issuesUITests";
			productName = "github-issuesUITests";
			productReference = BF3604B5258AAFA0009731F4 /* github-issuesUITests.xctest */;
			productType = "com.apple.product-type.bundle.ui-testing";
		};
/* End PBXNativeTarget section */

/* Begin PBXProject section */
		BF36048C258AAF9B009731F4 /* Project object */ = {
			isa = PBXProject;
			attributes = {
				LastSwiftUpdateCheck = 1160;
				LastUpgradeCheck = 1160;
				ORGANIZATIONNAME = cesar;
				TargetAttributes = {
					BF360493258AAF9B009731F4 = {
						CreatedOnToolsVersion = 11.6;
					};
					BF3604A9258AAFA0009731F4 = {
						CreatedOnToolsVersion = 11.6;
						TestTargetID = BF360493258AAF9B009731F4;
					};
					BF3604B4258AAFA0009731F4 = {
						CreatedOnToolsVersion = 11.6;
						TestTargetID = BF360493258AAF9B009731F4;
					};
				};
			};
			buildConfigurationList = BF36048F258AAF9B009731F4 /* Build configuration list for PBXProject "github-issues" */;
			compatibilityVersion = "Xcode 9.3";
			developmentRegion = en;
			hasScannedForEncodings = 0;
			knownRegions = (
				en,
				Base,
			);
			mainGroup = BF36048B258AAF9B009731F4;
			productRefGroup = BF360495258AAF9B009731F4 /* Products */;
			projectDirPath = "";
			projectRoot = "";
			targets = (
				BF360493258AAF9B009731F4 /* github-issues */,
				BF3604A9258AAFA0009731F4 /* github-issuesTests */,
				BF3604B4258AAFA0009731F4 /* github-issuesUITests */,
			);
		};
/* End PBXProject section */

/* Begin PBXResourcesBuildPhase section */
		BF360492258AAF9B009731F4 /* Resources */ = {
			isa = PBXResourcesBuildPhase;
			buildActionMask = 2147483647;
			files = (
				BF3604A4258AAFA0009731F4 /* LaunchScreen.storyboard in Resources */,
				BF3604A1258AAFA0009731F4 /* Assets.xcassets in Resources */,
				BFDA6E1A258E7F0D00B3574D /* ListIssuesTableViewController.storyboard in Resources */,
			);
			runOnlyForDeploymentPostprocessing = 0;
		};
		BF3604A8258AAFA0009731F4 /* Resources */ = {
			isa = PBXResourcesBuildPhase;
			buildActionMask = 2147483647;
			files = (
			);
			runOnlyForDeploymentPostprocessing = 0;
		};
		BF3604B3258AAFA0009731F4 /* Resources */ = {
			isa = PBXResourcesBuildPhase;
			buildActionMask = 2147483647;
			files = (
			);
			runOnlyForDeploymentPostprocessing = 0;
		};
/* End PBXResourcesBuildPhase section */

/* Begin PBXShellScriptBuildPhase section */
		0BB052CAEECF2E22563F65BC /* [CP] Embed Pods Frameworks */ = {
			isa = PBXShellScriptBuildPhase;
			buildActionMask = 2147483647;
			files = (
			);
			inputFileListPaths = (
				"${PODS_ROOT}/Target Support Files/Pods-github-issues-github-issuesUITests/Pods-github-issues-github-issuesUITests-frameworks-${CONFIGURATION}-input-files.xcfilelist",
			);
			name = "[CP] Embed Pods Frameworks";
			outputFileListPaths = (
				"${PODS_ROOT}/Target Support Files/Pods-github-issues-github-issuesUITests/Pods-github-issues-github-issuesUITests-frameworks-${CONFIGURATION}-output-files.xcfilelist",
			);
			runOnlyForDeploymentPostprocessing = 0;
			shellPath = /bin/sh;
			shellScript = "\"${PODS_ROOT}/Target Support Files/Pods-github-issues-github-issuesUITests/Pods-github-issues-github-issuesUITests-frameworks.sh\"\n";
			showEnvVarsInLog = 0;
		};
		730FD0C8EF4C2DA09E07B1D0 /* [CP] Embed Pods Frameworks */ = {
			isa = PBXShellScriptBuildPhase;
			buildActionMask = 2147483647;
			files = (
			);
			inputFileListPaths = (
				"${PODS_ROOT}/Target Support Files/Pods-github-issues/Pods-github-issues-frameworks-${CONFIGURATION}-input-files.xcfilelist",
			);
			name = "[CP] Embed Pods Frameworks";
			outputFileListPaths = (
				"${PODS_ROOT}/Target Support Files/Pods-github-issues/Pods-github-issues-frameworks-${CONFIGURATION}-output-files.xcfilelist",
			);
			runOnlyForDeploymentPostprocessing = 0;
			shellPath = /bin/sh;
			shellScript = "\"${PODS_ROOT}/Target Support Files/Pods-github-issues/Pods-github-issues-frameworks.sh\"\n";
			showEnvVarsInLog = 0;
		};
		96C904CBD943F1EB3E32CC05 /* [CP] Check Pods Manifest.lock */ = {
			isa = PBXShellScriptBuildPhase;
			buildActionMask = 2147483647;
			files = (
			);
			inputFileListPaths = (
			);
			inputPaths = (
				"${PODS_PODFILE_DIR_PATH}/Podfile.lock",
				"${PODS_ROOT}/Manifest.lock",
			);
			name = "[CP] Check Pods Manifest.lock";
			outputFileListPaths = (
			);
			outputPaths = (
				"$(DERIVED_FILE_DIR)/Pods-github-issues-github-issuesUITests-checkManifestLockResult.txt",
			);
			runOnlyForDeploymentPostprocessing = 0;
			shellPath = /bin/sh;
			shellScript = "diff \"${PODS_PODFILE_DIR_PATH}/Podfile.lock\" \"${PODS_ROOT}/Manifest.lock\" > /dev/null\nif [ $? != 0 ] ; then\n    # print error to STDERR\n    echo \"error: The sandbox is not in sync with the Podfile.lock. Run 'pod install' or update your CocoaPods installation.\" >&2\n    exit 1\nfi\n# This output is used by Xcode 'outputs' to avoid re-running this script phase.\necho \"SUCCESS\" > \"${SCRIPT_OUTPUT_FILE_0}\"\n";
			showEnvVarsInLog = 0;
		};
		A0005D8F9AACB97CFE1A3DE5 /* [CP] Check Pods Manifest.lock */ = {
			isa = PBXShellScriptBuildPhase;
			buildActionMask = 2147483647;
			files = (
			);
			inputFileListPaths = (
			);
			inputPaths = (
				"${PODS_PODFILE_DIR_PATH}/Podfile.lock",
				"${PODS_ROOT}/Manifest.lock",
			);
			name = "[CP] Check Pods Manifest.lock";
			outputFileListPaths = (
			);
			outputPaths = (
				"$(DERIVED_FILE_DIR)/Pods-github-issues-checkManifestLockResult.txt",
			);
			runOnlyForDeploymentPostprocessing = 0;
			shellPath = /bin/sh;
			shellScript = "diff \"${PODS_PODFILE_DIR_PATH}/Podfile.lock\" \"${PODS_ROOT}/Manifest.lock\" > /dev/null\nif [ $? != 0 ] ; then\n    # print error to STDERR\n    echo \"error: The sandbox is not in sync with the Podfile.lock. Run 'pod install' or update your CocoaPods installation.\" >&2\n    exit 1\nfi\n# This output is used by Xcode 'outputs' to avoid re-running this script phase.\necho \"SUCCESS\" > \"${SCRIPT_OUTPUT_FILE_0}\"\n";
			showEnvVarsInLog = 0;
		};
		A02F7DAF7756CB78E5BC21F3 /* [CP] Embed Pods Frameworks */ = {
			isa = PBXShellScriptBuildPhase;
			buildActionMask = 2147483647;
			files = (
			);
			inputFileListPaths = (
				"${PODS_ROOT}/Target Support Files/Pods-github-issuesTests/Pods-github-issuesTests-frameworks-${CONFIGURATION}-input-files.xcfilelist",
			);
			name = "[CP] Embed Pods Frameworks";
			outputFileListPaths = (
				"${PODS_ROOT}/Target Support Files/Pods-github-issuesTests/Pods-github-issuesTests-frameworks-${CONFIGURATION}-output-files.xcfilelist",
			);
			runOnlyForDeploymentPostprocessing = 0;
			shellPath = /bin/sh;
			shellScript = "\"${PODS_ROOT}/Target Support Files/Pods-github-issuesTests/Pods-github-issuesTests-frameworks.sh\"\n";
			showEnvVarsInLog = 0;
		};
		E0BB97041B1E085AFD909116 /* [CP] Check Pods Manifest.lock */ = {
			isa = PBXShellScriptBuildPhase;
			buildActionMask = 2147483647;
			files = (
			);
			inputFileListPaths = (
			);
			inputPaths = (
				"${PODS_PODFILE_DIR_PATH}/Podfile.lock",
				"${PODS_ROOT}/Manifest.lock",
			);
			name = "[CP] Check Pods Manifest.lock";
			outputFileListPaths = (
			);
			outputPaths = (
				"$(DERIVED_FILE_DIR)/Pods-github-issuesTests-checkManifestLockResult.txt",
			);
			runOnlyForDeploymentPostprocessing = 0;
			shellPath = /bin/sh;
			shellScript = "diff \"${PODS_PODFILE_DIR_PATH}/Podfile.lock\" \"${PODS_ROOT}/Manifest.lock\" > /dev/null\nif [ $? != 0 ] ; then\n    # print error to STDERR\n    echo \"error: The sandbox is not in sync with the Podfile.lock. Run 'pod install' or update your CocoaPods installation.\" >&2\n    exit 1\nfi\n# This output is used by Xcode 'outputs' to avoid re-running this script phase.\necho \"SUCCESS\" > \"${SCRIPT_OUTPUT_FILE_0}\"\n";
			showEnvVarsInLog = 0;
		};
/* End PBXShellScriptBuildPhase section */

/* Begin PBXSourcesBuildPhase section */
		BF360490258AAF9B009731F4 /* Sources */ = {
			isa = PBXSourcesBuildPhase;
			buildActionMask = 2147483647;
			files = (
				BFDA6E18258E7F0100B3574D /* ListIssuesTableViewController.swift in Sources */,
				BF360498258AAF9B009731F4 /* AppDelegate.swift in Sources */,
				BF36049A258AAF9B009731F4 /* SceneDelegate.swift in Sources */,
			);
			runOnlyForDeploymentPostprocessing = 0;
		};
		BF3604A6258AAFA0009731F4 /* Sources */ = {
			isa = PBXSourcesBuildPhase;
			buildActionMask = 2147483647;
			files = (
				BF3604AF258AAFA0009731F4 /* github_issuesTests.swift in Sources */,
			);
			runOnlyForDeploymentPostprocessing = 0;
		};
		BF3604B1258AAFA0009731F4 /* Sources */ = {
			isa = PBXSourcesBuildPhase;
			buildActionMask = 2147483647;
			files = (
				BF3604BA258AAFA0009731F4 /* github_issuesUITests.swift in Sources */,
			);
			runOnlyForDeploymentPostprocessing = 0;
		};
/* End PBXSourcesBuildPhase section */

/* Begin PBXTargetDependency section */
		BF3604AC258AAFA0009731F4 /* PBXTargetDependency */ = {
			isa = PBXTargetDependency;
			target = BF360493258AAF9B009731F4 /* github-issues */;
			targetProxy = BF3604AB258AAFA0009731F4 /* PBXContainerItemProxy */;
		};
		BF3604B7258AAFA0009731F4 /* PBXTargetDependency */ = {
			isa = PBXTargetDependency;
			target = BF360493258AAF9B009731F4 /* github-issues */;
			targetProxy = BF3604B6258AAFA0009731F4 /* PBXContainerItemProxy */;
		};
/* End PBXTargetDependency section */

/* Begin PBXVariantGroup section */
		BF3604A2258AAFA0009731F4 /* LaunchScreen.storyboard */ = {
			isa = PBXVariantGroup;
			children = (
				BF3604A3258AAFA0009731F4 /* Base */,
			);
			name = LaunchScreen.storyboard;
			sourceTree = "<group>";
		};
/* End PBXVariantGroup section */

/* Begin XCBuildConfiguration section */
		BF3604BC258AAFA0009731F4 /* Debug */ = {
			isa = XCBuildConfiguration;
			buildSettings = {
				ALWAYS_SEARCH_USER_PATHS = NO;
				CLANG_ANALYZER_NONNULL = YES;
				CLANG_ANALYZER_NUMBER_OBJECT_CONVERSION = YES_AGGRESSIVE;
				CLANG_CXX_LANGUAGE_STANDARD = "gnu++14";
				CLANG_CXX_LIBRARY = "libc++";
				CLANG_ENABLE_MODULES = YES;
				CLANG_ENABLE_OBJC_ARC = YES;
				CLANG_ENABLE_OBJC_WEAK = YES;
				CLANG_WARN_BLOCK_CAPTURE_AUTORELEASING = YES;
				CLANG_WARN_BOOL_CONVERSION = YES;
				CLANG_WARN_COMMA = YES;
				CLANG_WARN_CONSTANT_CONVERSION = YES;
				CLANG_WARN_DEPRECATED_OBJC_IMPLEMENTATIONS = YES;
				CLANG_WARN_DIRECT_OBJC_ISA_USAGE = YES_ERROR;
				CLANG_WARN_DOCUMENTATION_COMMENTS = YES;
				CLANG_WARN_EMPTY_BODY = YES;
				CLANG_WARN_ENUM_CONVERSION = YES;
				CLANG_WARN_INFINITE_RECURSION = YES;
				CLANG_WARN_INT_CONVERSION = YES;
				CLANG_WARN_NON_LITERAL_NULL_CONVERSION = YES;
				CLANG_WARN_OBJC_IMPLICIT_RETAIN_SELF = YES;
				CLANG_WARN_OBJC_LITERAL_CONVERSION = YES;
				CLANG_WARN_OBJC_ROOT_CLASS = YES_ERROR;
				CLANG_WARN_RANGE_LOOP_ANALYSIS = YES;
				CLANG_WARN_STRICT_PROTOTYPES = YES;
				CLANG_WARN_SUSPICIOUS_MOVE = YES;
				CLANG_WARN_UNGUARDED_AVAILABILITY = YES_AGGRESSIVE;
				CLANG_WARN_UNREACHABLE_CODE = YES;
				CLANG_WARN__DUPLICATE_METHOD_MATCH = YES;
				COPY_PHASE_STRIP = NO;
				DEBUG_INFORMATION_FORMAT = dwarf;
				ENABLE_STRICT_OBJC_MSGSEND = YES;
				ENABLE_TESTABILITY = YES;
				GCC_C_LANGUAGE_STANDARD = gnu11;
				GCC_DYNAMIC_NO_PIC = NO;
				GCC_NO_COMMON_BLOCKS = YES;
				GCC_OPTIMIZATION_LEVEL = 0;
				GCC_PREPROCESSOR_DEFINITIONS = (
					"DEBUG=1",
					"$(inherited)",
				);
				GCC_WARN_64_TO_32_BIT_CONVERSION = YES;
				GCC_WARN_ABOUT_RETURN_TYPE = YES_ERROR;
				GCC_WARN_UNDECLARED_SELECTOR = YES;
				GCC_WARN_UNINITIALIZED_AUTOS = YES_AGGRESSIVE;
				GCC_WARN_UNUSED_FUNCTION = YES;
				GCC_WARN_UNUSED_VARIABLE = YES;
				IPHONEOS_DEPLOYMENT_TARGET = 13.6;
				MTL_ENABLE_DEBUG_INFO = INCLUDE_SOURCE;
				MTL_FAST_MATH = YES;
				ONLY_ACTIVE_ARCH = YES;
				SDKROOT = iphoneos;
				SWIFT_ACTIVE_COMPILATION_CONDITIONS = DEBUG;
				SWIFT_OPTIMIZATION_LEVEL = "-Onone";
			};
			name = Debug;
		};
		BF3604BD258AAFA0009731F4 /* Release */ = {
			isa = XCBuildConfiguration;
			buildSettings = {
				ALWAYS_SEARCH_USER_PATHS = NO;
				CLANG_ANALYZER_NONNULL = YES;
				CLANG_ANALYZER_NUMBER_OBJECT_CONVERSION = YES_AGGRESSIVE;
				CLANG_CXX_LANGUAGE_STANDARD = "gnu++14";
				CLANG_CXX_LIBRARY = "libc++";
				CLANG_ENABLE_MODULES = YES;
				CLANG_ENABLE_OBJC_ARC = YES;
				CLANG_ENABLE_OBJC_WEAK = YES;
				CLANG_WARN_BLOCK_CAPTURE_AUTORELEASING = YES;
				CLANG_WARN_BOOL_CONVERSION = YES;
				CLANG_WARN_COMMA = YES;
				CLANG_WARN_CONSTANT_CONVERSION = YES;
				CLANG_WARN_DEPRECATED_OBJC_IMPLEMENTATIONS = YES;
				CLANG_WARN_DIRECT_OBJC_ISA_USAGE = YES_ERROR;
				CLANG_WARN_DOCUMENTATION_COMMENTS = YES;
				CLANG_WARN_EMPTY_BODY = YES;
				CLANG_WARN_ENUM_CONVERSION = YES;
				CLANG_WARN_INFINITE_RECURSION = YES;
				CLANG_WARN_INT_CONVERSION = YES;
				CLANG_WARN_NON_LITERAL_NULL_CONVERSION = YES;
				CLANG_WARN_OBJC_IMPLICIT_RETAIN_SELF = YES;
				CLANG_WARN_OBJC_LITERAL_CONVERSION = YES;
				CLANG_WARN_OBJC_ROOT_CLASS = YES_ERROR;
				CLANG_WARN_RANGE_LOOP_ANALYSIS = YES;
				CLANG_WARN_STRICT_PROTOTYPES = YES;
				CLANG_WARN_SUSPICIOUS_MOVE = YES;
				CLANG_WARN_UNGUARDED_AVAILABILITY = YES_AGGRESSIVE;
				CLANG_WARN_UNREACHABLE_CODE = YES;
				CLANG_WARN__DUPLICATE_METHOD_MATCH = YES;
				COPY_PHASE_STRIP = NO;
				DEBUG_INFORMATION_FORMAT = "dwarf-with-dsym";
				ENABLE_NS_ASSERTIONS = NO;
				ENABLE_STRICT_OBJC_MSGSEND = YES;
				GCC_C_LANGUAGE_STANDARD = gnu11;
				GCC_NO_COMMON_BLOCKS = YES;
				GCC_WARN_64_TO_32_BIT_CONVERSION = YES;
				GCC_WARN_ABOUT_RETURN_TYPE = YES_ERROR;
				GCC_WARN_UNDECLARED_SELECTOR = YES;
				GCC_WARN_UNINITIALIZED_AUTOS = YES_AGGRESSIVE;
				GCC_WARN_UNUSED_FUNCTION = YES;
				GCC_WARN_UNUSED_VARIABLE = YES;
				IPHONEOS_DEPLOYMENT_TARGET = 13.6;
				MTL_ENABLE_DEBUG_INFO = NO;
				MTL_FAST_MATH = YES;
				SDKROOT = iphoneos;
				SWIFT_COMPILATION_MODE = wholemodule;
				SWIFT_OPTIMIZATION_LEVEL = "-O";
				VALIDATE_PRODUCT = YES;
			};
			name = Release;
		};
		BF3604BF258AAFA0009731F4 /* Debug */ = {
			isa = XCBuildConfiguration;
			baseConfigurationReference = CC431FAF33E5A0E605D84883 /* Pods-github-issues.debug.xcconfig */;
			buildSettings = {
				ASSETCATALOG_COMPILER_APPICON_NAME = AppIcon;
				CODE_SIGN_STYLE = Automatic;
				INFOPLIST_FILE = "github-issues/Info.plist";
				LD_RUNPATH_SEARCH_PATHS = (
					"$(inherited)",
					"@executable_path/Frameworks",
				);
				PRODUCT_BUNDLE_IDENTIFIER = "com.cesar.github-issues";
				PRODUCT_NAME = "$(TARGET_NAME)";
				SWIFT_VERSION = 5.0;
				TARGETED_DEVICE_FAMILY = "1,2";
			};
			name = Debug;
		};
		BF3604C0258AAFA0009731F4 /* Release */ = {
			isa = XCBuildConfiguration;
			baseConfigurationReference = 1F520651333357FB383D206D /* Pods-github-issues.release.xcconfig */;
			buildSettings = {
				ASSETCATALOG_COMPILER_APPICON_NAME = AppIcon;
				CODE_SIGN_STYLE = Automatic;
				INFOPLIST_FILE = "github-issues/Info.plist";
				LD_RUNPATH_SEARCH_PATHS = (
					"$(inherited)",
					"@executable_path/Frameworks",
				);
				PRODUCT_BUNDLE_IDENTIFIER = "com.cesar.github-issues";
				PRODUCT_NAME = "$(TARGET_NAME)";
				SWIFT_VERSION = 5.0;
				TARGETED_DEVICE_FAMILY = "1,2";
			};
			name = Release;
		};
		BF3604C2258AAFA0009731F4 /* Debug */ = {
			isa = XCBuildConfiguration;
			baseConfigurationReference = 4901C903828E5F4B366E454A /* Pods-github-issuesTests.debug.xcconfig */;
			buildSettings = {
				ALWAYS_EMBED_SWIFT_STANDARD_LIBRARIES = YES;
				BUNDLE_LOADER = "$(TEST_HOST)";
				CODE_SIGN_STYLE = Automatic;
				INFOPLIST_FILE = "github-issuesTests/Info.plist";
				IPHONEOS_DEPLOYMENT_TARGET = 13.6;
				LD_RUNPATH_SEARCH_PATHS = (
					"$(inherited)",
					"@executable_path/Frameworks",
					"@loader_path/Frameworks",
				);
				PRODUCT_BUNDLE_IDENTIFIER = "com.cesar.github-issuesTests";
				PRODUCT_NAME = "$(TARGET_NAME)";
				SWIFT_VERSION = 5.0;
				TARGETED_DEVICE_FAMILY = "1,2";
				TEST_HOST = "$(BUILT_PRODUCTS_DIR)/github-issues.app/github-issues";
			};
			name = Debug;
		};
		BF3604C3258AAFA0009731F4 /* Release */ = {
			isa = XCBuildConfiguration;
			baseConfigurationReference = 69B2620B8A4E212423247782 /* Pods-github-issuesTests.release.xcconfig */;
			buildSettings = {
				ALWAYS_EMBED_SWIFT_STANDARD_LIBRARIES = YES;
				BUNDLE_LOADER = "$(TEST_HOST)";
				CODE_SIGN_STYLE = Automatic;
				INFOPLIST_FILE = "github-issuesTests/Info.plist";
				IPHONEOS_DEPLOYMENT_TARGET = 13.6;
				LD_RUNPATH_SEARCH_PATHS = (
					"$(inherited)",
					"@executable_path/Frameworks",
					"@loader_path/Frameworks",
				);
				PRODUCT_BUNDLE_IDENTIFIER = "com.cesar.github-issuesTests";
				PRODUCT_NAME = "$(TARGET_NAME)";
				SWIFT_VERSION = 5.0;
				TARGETED_DEVICE_FAMILY = "1,2";
				TEST_HOST = "$(BUILT_PRODUCTS_DIR)/github-issues.app/github-issues";
			};
			name = Release;
		};
		BF3604C5258AAFA0009731F4 /* Debug */ = {
			isa = XCBuildConfiguration;
			baseConfigurationReference = 30E21C37E1F920CF27A1D8D0 /* Pods-github-issues-github-issuesUITests.debug.xcconfig */;
			buildSettings = {
				ALWAYS_EMBED_SWIFT_STANDARD_LIBRARIES = YES;
				CODE_SIGN_STYLE = Automatic;
				INFOPLIST_FILE = "github-issuesUITests/Info.plist";
				LD_RUNPATH_SEARCH_PATHS = (
					"$(inherited)",
					"@executable_path/Frameworks",
					"@loader_path/Frameworks",
				);
				PRODUCT_BUNDLE_IDENTIFIER = "com.cesar.github-issuesUITests";
				PRODUCT_NAME = "$(TARGET_NAME)";
				SWIFT_VERSION = 5.0;
				TARGETED_DEVICE_FAMILY = "1,2";
				TEST_TARGET_NAME = "github-issues";
			};
			name = Debug;
		};
		BF3604C6258AAFA0009731F4 /* Release */ = {
			isa = XCBuildConfiguration;
			baseConfigurationReference = 10A3199FBECAC9B37B82B2AE /* Pods-github-issues-github-issuesUITests.release.xcconfig */;
			buildSettings = {
				ALWAYS_EMBED_SWIFT_STANDARD_LIBRARIES = YES;
				CODE_SIGN_STYLE = Automatic;
				INFOPLIST_FILE = "github-issuesUITests/Info.plist";
				LD_RUNPATH_SEARCH_PATHS = (
					"$(inherited)",
					"@executable_path/Frameworks",
					"@loader_path/Frameworks",
				);
				PRODUCT_BUNDLE_IDENTIFIER = "com.cesar.github-issuesUITests";
				PRODUCT_NAME = "$(TARGET_NAME)";
				SWIFT_VERSION = 5.0;
				TARGETED_DEVICE_FAMILY = "1,2";
				TEST_TARGET_NAME = "github-issues";
			};
			name = Release;
		};
/* End XCBuildConfiguration section */

/* Begin XCConfigurationList section */
		BF36048F258AAF9B009731F4 /* Build configuration list for PBXProject "github-issues" */ = {
			isa = XCConfigurationList;
			buildConfigurations = (
				BF3604BC258AAFA0009731F4 /* Debug */,
				BF3604BD258AAFA0009731F4 /* Release */,
			);
			defaultConfigurationIsVisible = 0;
			defaultConfigurationName = Release;
		};
		BF3604BE258AAFA0009731F4 /* Build configuration list for PBXNativeTarget "github-issues" */ = {
			isa = XCConfigurationList;
			buildConfigurations = (
				BF3604BF258AAFA0009731F4 /* Debug */,
				BF3604C0258AAFA0009731F4 /* Release */,
			);
			defaultConfigurationIsVisible = 0;
			defaultConfigurationName = Release;
		};
		BF3604C1258AAFA0009731F4 /* Build configuration list for PBXNativeTarget "github-issuesTests" */ = {
			isa = XCConfigurationList;
			buildConfigurations = (
				BF3604C2258AAFA0009731F4 /* Debug */,
				BF3604C3258AAFA0009731F4 /* Release */,
			);
			defaultConfigurationIsVisible = 0;
			defaultConfigurationName = Release;
		};
		BF3604C4258AAFA0009731F4 /* Build configuration list for PBXNativeTarget "github-issuesUITests" */ = {
			isa = XCConfigurationList;
			buildConfigurations = (
				BF3604C5258AAFA0009731F4 /* Debug */,
				BF3604C6258AAFA0009731F4 /* Release */,
			);
			defaultConfigurationIsVisible = 0;
			defaultConfigurationName = Release;
		};
/* End XCConfigurationList section */
	};
	rootObject = BF36048C258AAF9B009731F4 /* Project object */;
}
